
Microsoft Visual Studio Solution File, Format Version 12.00
# Visual Studio 15
VisualStudioVersion = 15.0.27703.2035
MinimumVisualStudioVersion = 10.0.40219.1
Project("{FAE04EC0-301F-11D3-BF4B-00C04F79EFBC}") = "TaskList", "TaskList\TaskList.csproj", "{C210A62A-C5DA-446D-809C-1A54182C8EEF}"
EndProject
Project("{E53339B2-1760-4266-BCC7-CA923CBCF16C}") = "docker-compose", "docker-compose.dcproj", "{4246194C-4897-41C1-BA68-CA1E02F7C489}"
EndProject
Project("{2150E333-8FDC-42A3-9474-1A3956D46DE8}") = "Solution Items", "Solution Items", "{C4773042-7EAD-479C-B69B-C8E8053070B7}"
	ProjectSection(SolutionItems) = preProject
		Schema.sql = Schema.sql
	EndProjectSection
EndProject
Global
	GlobalSection(SolutionConfigurationPlatforms) = preSolution
		Debug|Any CPU = Debug|Any CPU
		Release|Any CPU = Release|Any CPU
	EndGlobalSection
	GlobalSection(ProjectConfigurationPlatforms) = postSolution
		{C210A62A-C5DA-446D-809C-1A54182C8EEF}.Debug|Any CPU.ActiveCfg = Debug|Any CPU
		{C210A62A-C5DA-446D-809C-1A54182C8EEF}.Debug|Any CPU.Build.0 = Debug|Any CPU
		{C210A62A-C5DA-446D-809C-1A54182C8EEF}.Release|Any CPU.ActiveCfg = Release|Any CPU
		{C210A62A-C5DA-446D-809C-1A54182C8EEF}.Release|Any CPU.Build.0 = Release|Any CPU
		{4246194C-4897-41C1-BA68-CA1E02F7C489}.Debug|Any CPU.ActiveCfg = Debug|Any CPU
		{4246194C-4897-41C1-BA68-CA1E02F7C489}.Debug|Any CPU.Build.0 = Debug|Any CPU
		{4246194C-4897-41C1-BA68-CA1E02F7C489}.Release|Any CPU.ActiveCfg = Release|Any CPU
		{4246194C-4897-41C1-BA68-CA1E02F7C489}.Release|Any CPU.Build.0 = Release|Any CPU
	EndGlobalSection
	GlobalSection(SolutionProperties) = preSolution
		HideSolutionNode = FALSE
	EndGlobalSection
	GlobalSection(ExtensibilityGlobals) = postSolution
		SolutionGuid = {67F7DA67-DDA9-46F2-A457-716FBE88B861}
	EndGlobalSection
EndGlobal
